
Microsoft Visual Studio Solution File, Format Version 12.00
# Visual Studio Version 16
VisualStudioVersion = 16.0.29806.167
MinimumVisualStudioVersion = 10.0.40219.1
Project("{FAE04EC0-301F-11D3-BF4B-00C04F79EFBC}") = "WiredBrainCoffee.ShopInfoTool", "WiredBrainCoffee.ShopInfoTool\WiredBrainCoffee.ShopInfoTool.csproj", "{724FFD45-D2D1-430F-B038-465CD48AB3D2}"
EndProject
Global
	GlobalSection(SolutionConfigurationPlatforms) = preSolution
		Debug|Any CPU = Debug|Any CPU
		Release|Any CPU = Release|Any CPU
	EndGlobalSection
	GlobalSection(ProjectConfigurationPlatforms) = postSolution
		{724FFD45-D2D1-430F-B038-465CD48AB3D2}.Debug|Any CPU.ActiveCfg = Debug|Any CPU
		{724FFD45-D2D1-430F-B038-465CD48AB3D2}.Debug|Any CPU.Build.0 = Debug|Any CPU
		{724FFD45-D2D1-430F-B038-465CD48AB3D2}.Release|Any CPU.ActiveCfg = Release|Any CPU
		{724FFD45-D2D1-430F-B038-465CD48AB3D2}.Release|Any CPU.Build.0 = Release|Any CPU
	EndGlobalSection
	GlobalSection(SolutionProperties) = preSolution
		HideSolutionNode = FALSE
	EndGlobalSection
	GlobalSection(ExtensibilityGlobals) = postSolution
		SolutionGuid = {A52A29E2-B6F1-4420-A47E-B8BCB3388378}
	EndGlobalSection
EndGlobal
